<Solution>
  <Project Path="Blazor.CosmosDB.Demo/Blazor.CosmosDB.Demo.csproj" Id="87856d1c-eab7-47e3-90cc-8bd4cad5ff87" />
  <Project Path="Console.QueueConsumer.Demo/Console.QueueConsumer.Demo.csproj" Id="6bd92e2a-f37c-40dd-888c-8d337827c8e0" />
  <Project Path="Mvc.AzureStorage.Demo/Mvc.AzureStorage.Demo.csproj" Id="b44032d1-11d4-40bf-add2-c2e860f3d46a" />
  <Project Path="WebApp.NetCore.EF.Demo/WebApp.NetCore.EF.Demo.csproj" Id="60d423ed-eb40-4f2a-8a8c-4365196b624e" />
</Solution>
